<?xml version="1.0" encoding="utf-8"?>
<Project ToolsVersion="4.0" xmlns="http://schemas.microsoft.com/developer/msbuild/2003">
  <ItemGroup>
    <Filter Include="Исходные файлы">
      <UniqueIdentifier>{4FC737F1-C7A5-4376-A066-2A32D752A2FF}</UniqueIdentifier>
      <Extensions>cpp;c;cc;cxx;def;odl;idl;hpj;bat;asm;asmx</Extensions>
    </Filter>
    <Filter Include="Файлы заголовков">
      <UniqueIdentifier>{93995380-89BD-4b04-88EB-625FBE52EBFB}</UniqueIdentifier>
      <Extensions>h;hh;hpp;hxx;hm;inl;inc;ipp;xsd</Extensions>
    </Filter>
    <Filter Include="Файлы ресурсов">
      <UniqueIdentifier>{67DA6AB6-F800-4c08-8B7A-83BB121AAD01}</UniqueIdentifier>
      <Extensions>rc;ico;cur;bmp;dlg;rc2;rct;bin;rgs;gif;jpg;jpeg;jpe;resx;tiff;tif;png;wav;mfcribbon-ms</Extensions>
    </Filter>
    <Filter Include="Test">
      <UniqueIdentifier>{69889dab-065c-4d10-bb3c-264f7bad4316}</UniqueIdentifier>
    </Filter>
    <Filter Include="Test\LeetCode">
      <UniqueIdentifier>{98c90eb0-8f2a-4773-89aa-2af1e93031f0}</UniqueIdentifier>
    </Filter>
    <Filter Include="Test\CodeSignal">
      <UniqueIdentifier>{0b772628-8665-46c2-af6c-903b7e789357}</UniqueIdentifier>
    </Filter>
    <Filter Include="Test\HackerRank">
      <UniqueIdentifier>{db39a45e-9daf-4661-a0f2-32f0bc11567b}</UniqueIdentifier>
    </Filter>
    <Filter Include="Test\CodeWars">
      <UniqueIdentifier>{66e1997d-f8d0-4df9-b1af-ed26508d5316}</UniqueIdentifier>
    </Filter>
  </ItemGroup>
  <ItemGroup>
    <ClCompile Include="main.cpp">
      <Filter>Исходные файлы</Filter>
    </ClCompile>
    <ClCompile Include="stdafx.cpp">
      <Filter>Исходные файлы</Filter>
    </ClCompile>
    <ClCompile Include="almostIncreasingSequence_Test.cpp">
      <Filter>Test\CodeSignal</Filter>
    </ClCompile>
    <ClCompile Include="reverseInteger_Test.cpp">
      <Filter>Test\HackerRank</Filter>
    </ClCompile>
    <ClCompile Include="rangeSumBST_Test.cpp">
      <Filter>Test\LeetCode</Filter>
    </ClCompile>
    <ClCompile Include="countSmileys_Test.cpp">
      <Filter>Test\CodeWars</Filter>
    </ClCompile>
    <ClCompile Include="SearchInRotatedSortedArray_Test.cpp">
      <Filter>Test\LeetCode</Filter>
    </ClCompile>
    <ClCompile Include="Abbreviation_Test.cpp">
      <Filter>Test\HackerRank</Filter>
    </ClCompile>
    <ClCompile Include="firstBadVersion_Test.cpp">
      <Filter>Test\LeetCode</Filter>
    </ClCompile>
  </ItemGroup>
  <ItemGroup>
    <ClInclude Include="stdafx.h">
      <Filter>Файлы заголовков</Filter>
    </ClInclude>
  </ItemGroup>
</Project>